{
    "_readme": [
        "This file locks the dependencies of your project to a known state",
        "Read more about it at https://getcomposer.org/doc/01-basic-usage.md#installing-dependencies",
        "This file is @generated automatically"
    ],
    "content-hash": "d4f1bcc7a1a1e2a0f4f2f8a9b1c3d5e7f9a1b3c5d7e9f1a3b5c7d9e1f3a5b7c9",
    "packages": [
        {
            "name": "guzzlehttp/guzzle",
            "version": "7.4.0",
            "source": {
                "type": "git",
                "url": "https://github.com/guzzle/guzzle.git",
                "reference": "868b3571a039f0ebc11ac8f344f4080babe2cb94"
            }
        }
    ],
    "packages-dev": [],
    "platform": { "php": "^8.1" },
    "platform-dev": {}
}
